
Microsoft Visual Studio Solution File, Format Version 12.00
# Visual Studio Version 16
VisualStudioVersion = 16.0.31019.35
MinimumVisualStudioVersion = 10.0.40219.1
Project("{FAE04EC0-301F-11D3-BF4B-00C04F79EFBC}") = "TopireIceberg", "TopireIceberg\TopireIceberg.csproj", "{60B86FDE-20BF-444E-AABD-70861831234C}"
EndProject
Global
	GlobalSection(SolutionConfigurationPlatforms) = preSolution
		Debug|Any CPU = Debug|Any CPU
		Release|Any CPU = Release|Any CPU
	EndGlobalSection
	GlobalSection(ProjectConfigurationPlatforms) = postSolution
		{60B86FDE-20BF-444E-AABD-70861831234C}.Debug|Any CPU.ActiveCfg = Debug|Any CPU
		{60B86FDE-20BF-444E-AABD-70861831234C}.Debug|Any CPU.Build.0 = Debug|Any CPU
		{60B86FDE-20BF-444E-AABD-70861831234C}.Release|Any CPU.ActiveCfg = Release|Any CPU
		{60B86FDE-20BF-444E-AABD-70861831234C}.Release|Any CPU.Build.0 = Release|Any CPU
	EndGlobalSection
	GlobalSection(SolutionProperties) = preSolution
		HideSolutionNode = FALSE
	EndGlobalSection
	GlobalSection(ExtensibilityGlobals) = postSolution
		SolutionGuid = {433F72B7-A320-45A4-96BF-534CCBF6201B}
	EndGlobalSection
EndGlobal
